
Microsoft Visual Studio Solution File, Format Version 12.00
# Visual Studio Version 17
VisualStudioVersion = 17.4.33205.214
MinimumVisualStudioVersion = 10.0.40219.1
Project("{9A19103F-16F7-4668-BE54-9A1E7A4F7556}") = "TssPreview", "TssPreview\TssPreview.csproj", "{11626519-1635-46FB-B2C8-39DDB904A10A}"
EndProject
Global
	GlobalSection(SolutionConfigurationPlatforms) = preSolution
		Debug|Any CPU = Debug|Any CPU
		Release|Any CPU = Release|Any CPU
	EndGlobalSection
	GlobalSection(ProjectConfigurationPlatforms) = postSolution
		{11626519-1635-46FB-B2C8-39DDB904A10A}.Debug|Any CPU.ActiveCfg = Debug|Any CPU
		{11626519-1635-46FB-B2C8-39DDB904A10A}.Debug|Any CPU.Build.0 = Debug|Any CPU
		{11626519-1635-46FB-B2C8-39DDB904A10A}.Release|Any CPU.ActiveCfg = Release|Any CPU
		{11626519-1635-46FB-B2C8-39DDB904A10A}.Release|Any CPU.Build.0 = Release|Any CPU
	EndGlobalSection
	GlobalSection(SolutionProperties) = preSolution
		HideSolutionNode = FALSE
	EndGlobalSection
	GlobalSection(ExtensibilityGlobals) = postSolution
		SolutionGuid = {31709D0D-B1B8-4318-A9DA-F6C010A7307C}
	EndGlobalSection
EndGlobal
